
Microsoft Visual Studio Solution File, Format Version 12.00
# Visual Studio Version 17
VisualStudioVersion = 17.14.36310.24 d17.14
MinimumVisualStudioVersion = 10.0.40219.1
Project("{FAE04EC0-301F-11D3-BF4B-00C04F79EFBC}") = "TaskMgmtSys.Web", "TaskMgmtSys.Web\TaskMgmtSys.Web.csproj", "{8ED5657D-74D8-4305-A495-0A3C731C4918}"
EndProject
Global
	GlobalSection(SolutionConfigurationPlatforms) = preSolution
		Debug|Any CPU = Debug|Any CPU
		Release|Any CPU = Release|Any CPU
	EndGlobalSection
	GlobalSection(ProjectConfigurationPlatforms) = postSolution
		{8ED5657D-74D8-4305-A495-0A3C731C4918}.Debug|Any CPU.ActiveCfg = Debug|Any CPU
		{8ED5657D-74D8-4305-A495-0A3C731C4918}.Debug|Any CPU.Build.0 = Debug|Any CPU
		{8ED5657D-74D8-4305-A495-0A3C731C4918}.Release|Any CPU.ActiveCfg = Release|Any CPU
		{8ED5657D-74D8-4305-A495-0A3C731C4918}.Release|Any CPU.Build.0 = Release|Any CPU
	EndGlobalSection
	GlobalSection(SolutionProperties) = preSolution
		HideSolutionNode = FALSE
	EndGlobalSection
	GlobalSection(ExtensibilityGlobals) = postSolution
		SolutionGuid = {F33DD11C-20C9-4AE8-B216-3405180B929A}
	EndGlobalSection
EndGlobal
